// !$*UTF8*$!
{
	archiveVersion = 1;
	classes = {
	};
	objectVersion = 46;
	objects = {

/* Begin PBXBuildFile section */
		6CCADF971A6F3AF200F6BEE3 /* AppDelegate.swift in Sources */ = {isa = PBXBuildFile; fileRef = 6CCADF961A6F3AF200F6BEE3 /* AppDelegate.swift */; };
		6CCADF991A6F3AF200F6BEE3 /* ViewController.swift in Sources */ = {isa = PBXBuildFile; fileRef = 6CCADF981A6F3AF200F6BEE3 /* ViewController.swift */; };
		6CCADF9C1A6F3AF200F6BEE3 /* Main.storyboard in Resources */ = {isa = PBXBuildFile; fileRef = 6CCADF9A1A6F3AF200F6BEE3 /* Main.storyboard */; };
		6CCADF9E1A6F3AF200F6BEE3 /* Images.xcassets in Resources */ = {isa = PBXBuildFile; fileRef = 6CCADF9D1A6F3AF200F6BEE3 /* Images.xcassets */; };
		6CCADFA11A6F3AF200F6BEE3 /* LaunchScreen.xib in Resources */ = {isa = PBXBuildFile; fileRef = 6CCADF9F1A6F3AF200F6BEE3 /* LaunchScreen.xib */; };
		6CCADFAD1A6F3AF200F6BEE3 /* POTUSTests.swift in Sources */ = {isa = PBXBuildFile; fileRef = 6CCADFAC1A6F3AF200F6BEE3 /* POTUSTests.swift */; };
		6CCADFB71A6F3F3B00F6BEE3 /* Array+Shuffling.swift in Sources */ = {isa = PBXBuildFile; fileRef = 6CCADFB61A6F3F3B00F6BEE3 /* Array+Shuffling.swift */; };
/* End PBXBuildFile section */

/* Begin PBXContainerItemProxy section */
		6CCADFA71A6F3AF200F6BEE3 /* PBXContainerItemProxy */ = {
			isa = PBXContainerItemProxy;
			containerPortal = 6CCADF891A6F3AF200F6BEE3 /* Project object */;
			proxyType = 1;
			remoteGlobalIDString = 6CCADF901A6F3AF200F6BEE3;
			remoteInfo = POTUS;
		};
/* End PBXContainerItemProxy section */

/* Begin PBXFileReference section */
		6CCADF911A6F3AF200F6BEE3 /* POTUS.app */ = {isa = PBXFileReference; explicitFileType = wrapper.application; includeInIndex = 0; path = POTUS.app; sourceTree = BUILT_PRODUCTS_DIR; };
		6CCADF951A6F3AF200F6BEE3 /* Info.plist */ = {isa = PBXFileReference; lastKnownFileType = text.plist.xml; path = Info.plist; sourceTree = "<group>"; };
		6CCADF961A6F3AF200F6BEE3 /* AppDelegate.swift */ = {isa = PBXFileReference; lastKnownFileType = sourcecode.swift; path = AppDelegate.swift; sourceTree = "<group>"; };
		6CCADF981A6F3AF200F6BEE3 /* ViewController.swift */ = {isa = PBXFileReference; lastKnownFileType = sourcecode.swift; path = ViewController.swift; sourceTree = "<group>"; };
		6CCADF9B1A6F3AF200F6BEE3 /* Base */ = {isa = PBXFileReference; lastKnownFileType = file.storyboard; name = Base; path = Base.lproj/Main.storyboard; sourceTree = "<group>"; };
		6CCADF9D1A6F3AF200F6BEE3 /* Images.xcassets */ = {isa = PBXFileReference; lastKnownFileType = folder.assetcatalog; path = Images.xcassets; sourceTree = "<group>"; };
		6CCADFA01A6F3AF200F6BEE3 /* Base */ = {isa = PBXFileReference; lastKnownFileType = file.xib; name = Base; path = Base.lproj/LaunchScreen.xib; sourceTree = "<group>"; };
		6CCADFA61A6F3AF200F6BEE3 /* POTUSTests.xctest */ = {isa = PBXFileReference; explicitFileType = wrapper.cfbundle; includeInIndex = 0; path = POTUSTests.xctest; sourceTree = BUILT_PRODUCTS_DIR; };
		6CCADFAB1A6F3AF200F6BEE3 /* Info.plist */ = {isa = PBXFileReference; lastKnownFileType = text.plist.xml; path = Info.plist; sourceTree = "<group>"; };
		6CCADFAC1A6F3AF200F6BEE3 /* POTUSTests.swift */ = {isa = PBXFileReference; lastKnownFileType = sourcecode.swift; path = POTUSTests.swift; sourceTree = "<group>"; };
		6CCADFB61A6F3F3B00F6BEE3 /* Array+Shuffling.swift */ = {isa = PBXFileReference; fileEncoding = 4; lastKnownFileType = sourcecode.swift; path = "Array+Shuffling.swift"; sourceTree = "<group>"; };
/* End PBXFileReference section */

/* Begin PBXFrameworksBuildPhase section */
		6CCADF8E1A6F3AF200F6BEE3 /* Frameworks */ = {
			isa = PBXFrameworksBuildPhase;
			buildActionMask = 2147483647;
			files = (
			);
			runOnlyForDeploymentPostprocessing = 0;
		};
		6CCADFA31A6F3AF200F6BEE3 /* Frameworks */ = {
			isa = PBXFrameworksBuildPhase;
			buildActionMask = 2147483647;
			files = (
			);
			runOnlyForDeploymentPostprocessing = 0;
		};
/* End PBXFrameworksBuildPhase section */

/* Begin PBXGroup section */
		6CCADF881A6F3AF200F6BEE3 = {
			isa = PBXGroup;
			children = (
				6CCADF931A6F3AF200F6BEE3 /* POTUS */,
				6CCADFA91A6F3AF200F6BEE3 /* POTUSTests */,
				6CCADF921A6F3AF200F6BEE3 /* Products */,
			);
			sourceTree = "<group>";
		};
		6CCADF921A6F3AF200F6BEE3 /* Products */ = {
			isa = PBXGroup;
			children = (
				6CCADF911A6F3AF200F6BEE3 /* POTUS.app */,
				6CCADFA61A6F3AF200F6BEE3 /* POTUSTests.xctest */,
			);
			name = Products;
			sourceTree = "<group>";
		};
		6CCADF931A6F3AF200F6BEE3 /* POTUS */ = {
			isa = PBXGroup;
			children = (
				6CCADF961A6F3AF200F6BEE3 /* AppDelegate.swift */,
				6CCADF981A6F3AF200F6BEE3 /* ViewController.swift */,
				6CCADFB61A6F3F3B00F6BEE3 /* Array+Shuffling.swift */,
				6CCADF9A1A6F3AF200F6BEE3 /* Main.storyboard */,
				6CCADF9D1A6F3AF200F6BEE3 /* Images.xcassets */,
				6CCADF9F1A6F3AF200F6BEE3 /* LaunchScreen.xib */,
				6CCADF941A6F3AF200F6BEE3 /* Supporting Files */,
			);
			path = POTUS;
			sourceTree = "<group>";
		};
		6CCADF941A6F3AF200F6BEE3 /* Supporting Files */ = {
			isa = PBXGroup;
			children = (
				6CCADF951A6F3AF200F6BEE3 /* Info.plist */,
			);
			name = "Supporting Files";
			sourceTree = "<group>";
		};
		6CCADFA91A6F3AF200F6BEE3 /* POTUSTests */ = {
			isa = PBXGroup;
			children = (
				6CCADFAC1A6F3AF200F6BEE3 /* POTUSTests.swift */,
				6CCADFAA1A6F3AF200F6BEE3 /* Supporting Files */,
			);
			path = POTUSTests;
			sourceTree = "<group>";
		};
		6CCADFAA1A6F3AF200F6BEE3 /* Supporting Files */ = {
			isa = PBXGroup;
			children = (
				6CCADFAB1A6F3AF200F6BEE3 /* Info.plist */,
			);
			name = "Supporting Files";
			sourceTree = "<group>";
		};
/* End PBXGroup section */

/* Begin PBXNativeTarget section */
		6CCADF901A6F3AF200F6BEE3 /* POTUS */ = {
			isa = PBXNativeTarget;
			buildConfigurationList = 6CCADFB01A6F3AF200F6BEE3 /* Build configuration list for PBXNativeTarget "POTUS" */;
			buildPhases = (
				6CCADF8D1A6F3AF200F6BEE3 /* Sources */,
				6CCADF8E1A6F3AF200F6BEE3 /* Frameworks */,
				6CCADF8F1A6F3AF200F6BEE3 /* Resources */,
			);
			buildRules = (
			);
			dependencies = (
			);
			name = POTUS;
			productName = POTUS;
			productReference = 6CCADF911A6F3AF200F6BEE3 /* POTUS.app */;
			productType = "com.apple.product-type.application";
		};
		6CCADFA51A6F3AF200F6BEE3 /* POTUSTests */ = {
			isa = PBXNativeTarget;
			buildConfigurationList = 6CCADFB31A6F3AF200F6BEE3 /* Build configuration list for PBXNativeTarget "POTUSTests" */;
			buildPhases = (
				6CCADFA21A6F3AF200F6BEE3 /* Sources */,
				6CCADFA31A6F3AF200F6BEE3 /* Frameworks */,
				6CCADFA41A6F3AF200F6BEE3 /* Resources */,
			);
			buildRules = (
			);
			dependencies = (
				6CCADFA81A6F3AF200F6BEE3 /* PBXTargetDependency */,
			);
			name = POTUSTests;
			productName = POTUSTests;
			productReference = 6CCADFA61A6F3AF200F6BEE3 /* POTUSTests.xctest */;
			productType = "com.apple.product-type.bundle.unit-test";
		};
/* End PBXNativeTarget section */

/* Begin PBXProject section */
		6CCADF891A6F3AF200F6BEE3 /* Project object */ = {
			isa = PBXProject;
			attributes = {
				LastUpgradeCheck = 0610;
				ORGANIZATIONNAME = ddApps;
				TargetAttributes = {
					6CCADF901A6F3AF200F6BEE3 = {
						CreatedOnToolsVersion = 6.1.1;
					};
					6CCADFA51A6F3AF200F6BEE3 = {
						CreatedOnToolsVersion = 6.1.1;
						TestTargetID = 6CCADF901A6F3AF200F6BEE3;
					};
				};
			};
			buildConfigurationList = 6CCADF8C1A6F3AF200F6BEE3 /* Build configuration list for PBXProject "POTUS" */;
			compatibilityVersion = "Xcode 3.2";
			developmentRegion = English;
			hasScannedForEncodings = 0;
			knownRegions = (
				en,
				Base,
			);
			mainGroup = 6CCADF881A6F3AF200F6BEE3;
			productRefGroup = 6CCADF921A6F3AF200F6BEE3 /* Products */;
			projectDirPath = "";
			projectRoot = "";
			targets = (
				6CCADF901A6F3AF200F6BEE3 /* POTUS */,
				6CCADFA51A6F3AF200F6BEE3 /* POTUSTests */,
			);
		};
/* End PBXProject section */

/* Begin PBXResourcesBuildPhase section */
		6CCADF8F1A6F3AF200F6BEE3 /* Resources */ = {
			isa = PBXResourcesBuildPhase;
			buildActionMask = 2147483647;
			files = (
				6CCADF9C1A6F3AF200F6BEE3 /* Main.storyboard in Resources */,
				6CCADFA11A6F3AF200F6BEE3 /* LaunchScreen.xib in Resources */,
				6CCADF9E1A6F3AF200F6BEE3 /* Images.xcassets in Resources */,
			);
			runOnlyForDeploymentPostprocessing = 0;
		};
		6CCADFA41A6F3AF200F6BEE3 /* Resources */ = {
			isa = PBXResourcesBuildPhase;
			buildActionMask = 2147483647;
			files = (
			);
			runOnlyForDeploymentPostprocessing = 0;
		};
/* End PBXResourcesBuildPhase section */

/* Begin PBXSourcesBuildPhase section */
		6CCADF8D1A6F3AF200F6BEE3 /* Sources */ = {
			isa = PBXSourcesBuildPhase;
			buildActionMask = 2147483647;
			files = (
				6CCADF991A6F3AF200F6BEE3 /* ViewController.swift in Sources */,
				6CCADF971A6F3AF200F6BEE3 /* AppDelegate.swift in Sources */,
				6CCADFB71A6F3F3B00F6BEE3 /* Array+Shuffling.swift in Sources */,
			);
			runOnlyForDeploymentPostprocessing = 0;
		};
		6CCADFA21A6F3AF200F6BEE3 /* Sources */ = {
			isa = PBXSourcesBuildPhase;
			buildActionMask = 2147483647;
			files = (
				6CCADFAD1A6F3AF200F6BEE3 /* POTUSTests.swift in Sources */,
			);
			runOnlyForDeploymentPostprocessing = 0;
		};
/* End PBXSourcesBuildPhase section */

/* Begin PBXTargetDependency section */
		6CCADFA81A6F3AF200F6BEE3 /* PBXTargetDependency */ = {
			isa = PBXTargetDependency;
			target = 6CCADF901A6F3AF200F6BEE3 /* POTUS */;
			targetProxy = 6CCADFA71A6F3AF200F6BEE3 /* PBXContainerItemProxy */;
		};
/* End PBXTargetDependency section */

/* Begin PBXVariantGroup section */
		6CCADF9A1A6F3AF200F6BEE3 /* Main.storyboard */ = {
			isa = PBXVariantGroup;
			children = (
				6CCADF9B1A6F3AF200F6BEE3 /* Base */,
			);
			name = Main.storyboard;
			sourceTree = "<group>";
		};
		6CCADF9F1A6F3AF200F6BEE3 /* LaunchScreen.xib */ = {
			isa = PBXVariantGroup;
			children = (
				6CCADFA01A6F3AF200F6BEE3 /* Base */,
			);
			name = LaunchScreen.xib;
			sourceTree = "<group>";
		};
/* End PBXVariantGroup section */

/* Begin XCBuildConfiguration section */
		6CCADFAE1A6F3AF200F6BEE3 /* Debug */ = {
			isa = XCBuildConfiguration;
			buildSettings = {
				ALWAYS_SEARCH_USER_PATHS = NO;
				CLANG_CXX_LANGUAGE_STANDARD = "gnu++0x";
				CLANG_CXX_LIBRARY = "libc++";
				CLANG_ENABLE_MODULES = YES;
				CLANG_ENABLE_OBJC_ARC = YES;
				CLANG_WARN_BOOL_CONVERSION = YES;
				CLANG_WARN_CONSTANT_CONVERSION = YES;
				CLANG_WARN_DIRECT_OBJC_ISA_USAGE = YES_ERROR;
				CLANG_WARN_EMPTY_BODY = YES;
				CLANG_WARN_ENUM_CONVERSION = YES;
				CLANG_WARN_INT_CONVERSION = YES;
				CLANG_WARN_OBJC_ROOT_CLASS = YES_ERROR;
				CLANG_WARN_UNREACHABLE_CODE = YES;
				CLANG_WARN__DUPLICATE_METHOD_MATCH = YES;
				"CODE_SIGN_IDENTITY[sdk=iphoneos*]" = "iPhone Developer";
				COPY_PHASE_STRIP = NO;
				ENABLE_STRICT_OBJC_MSGSEND = YES;
				GCC_C_LANGUAGE_STANDARD = gnu99;
				GCC_DYNAMIC_NO_PIC = NO;
				GCC_OPTIMIZATION_LEVEL = 0;
				GCC_PREPROCESSOR_DEFINITIONS = (
					"DEBUG=1",
					"$(inherited)",
				);
				GCC_SYMBOLS_PRIVATE_EXTERN = NO;
				GCC_WARN_64_TO_32_BIT_CONVERSION = YES;
				GCC_WARN_ABOUT_RETURN_TYPE = YES_ERROR;
				GCC_WARN_UNDECLARED_SELECTOR = YES;
				GCC_WARN_UNINITIALIZED_AUTOS = YES_AGGRESSIVE;
				GCC_WARN_UNUSED_FUNCTION = YES;
				GCC_WARN_UNUSED_VARIABLE = YES;
				IPHONEOS_DEPLOYMENT_TARGET = 8.1;
				MTL_ENABLE_DEBUG_INFO = YES;
				ONLY_ACTIVE_ARCH = YES;
				SDKROOT = iphoneos;
				SWIFT_OPTIMIZATION_LEVEL = "-Onone";
			};
			name = Debug;
		};
		6CCADFAF1A6F3AF200F6BEE3 /* Release */ = {
			isa = XCBuildConfiguration;
			buildSettings = {
				ALWAYS_SEARCH_USER_PATHS = NO;
				CLANG_CXX_LANGUAGE_STANDARD = "gnu++0x";
				CLANG_CXX_LIBRARY = "libc++";
				CLANG_ENABLE_MODULES = YES;
				CLANG_ENABLE_OBJC_ARC = YES;
				CLANG_WARN_BOOL_CONVERSION = YES;
				CLANG_WARN_CONSTANT_CONVERSION = YES;
				CLANG_WARN_DIRECT_OBJC_ISA_USAGE = YES_ERROR;
				CLANG_WARN_EMPTY_BODY = YES;
				CLANG_WARN_ENUM_CONVERSION = YES;
				CLANG_WARN_INT_CONVERSION = YES;
				CLANG_WARN_OBJC_ROOT_CLASS = YES_ERROR;
				CLANG_WARN_UNREACHABLE_CODE = YES;
				CLANG_WARN__DUPLICATE_METHOD_MATCH = YES;
				"CODE_SIGN_IDENTITY[sdk=iphoneos*]" = "iPhone Developer";
				COPY_PHASE_STRIP = YES;
				ENABLE_NS_ASSERTIONS = NO;
				ENABLE_STRICT_OBJC_MSGSEND = YES;
				GCC_C_LANGUAGE_STANDARD = gnu99;
				GCC_WARN_64_TO_32_BIT_CONVERSION = YES;
				GCC_WARN_ABOUT_RETURN_TYPE = YES_ERROR;
				GCC_WARN_UNDECLARED_SELECTOR = YES;
				GCC_WARN_UNINITIALIZED_AUTOS = YES_AGGRESSIVE;
				GCC_WARN_UNUSED_FUNCTION = YES;
				GCC_WARN_UNUSED_VARIABLE = YES;
				IPHONEOS_DEPLOYMENT_TARGET = 8.1;
				MTL_ENABLE_DEBUG_INFO = NO;
				SDKROOT = iphoneos;
				VALIDATE_PRODUCT = YES;
			};
			name = Release;
		};
		6CCADFB11A6F3AF200F6BEE3 /* Debug */ = {
			isa = XCBuildConfiguration;
			buildSettings = {
				ASSETCATALOG_COMPILER_APPICON_NAME = AppIcon;
				INFOPLIST_FILE = POTUS/Info.plist;
				LD_RUNPATH_SEARCH_PATHS = "$(inherited) @executable_path/Frameworks";
				PRODUCT_NAME = "$(TARGET_NAME)";
			};
			name = Debug;
		};
		6CCADFB21A6F3AF200F6BEE3 /* Release */ = {
			isa = XCBuildConfiguration;
			buildSettings = {
				ASSETCATALOG_COMPILER_APPICON_NAME = AppIcon;
				INFOPLIST_FILE = POTUS/Info.plist;
				LD_RUNPATH_SEARCH_PATHS = "$(inherited) @executable_path/Frameworks";
				PRODUCT_NAME = "$(TARGET_NAME)";
			};
			name = Release;
		};
		6CCADFB41A6F3AF200F6BEE3 /* Debug */ = {
			isa = XCBuildConfiguration;
			buildSettings = {
				BUNDLE_LOADER = "$(TEST_HOST)";
				FRAMEWORK_SEARCH_PATHS = (
					"$(SDKROOT)/Developer/Library/Frameworks",
					"$(inherited)",
				);
				GCC_PREPROCESSOR_DEFINITIONS = (
					"DEBUG=1",
					"$(inherited)",
				);
				INFOPLIST_FILE = POTUSTests/Info.plist;
				LD_RUNPATH_SEARCH_PATHS = "$(inherited) @executable_path/Frameworks @loader_path/Frameworks";
				PRODUCT_NAME = "$(TARGET_NAME)";
				TEST_HOST = "$(BUILT_PRODUCTS_DIR)/POTUS.app/POTUS";
			};
			name = Debug;
		};
		6CCADFB51A6F3AF200F6BEE3 /* Release */ = {
			isa = XCBuildConfiguration;
			buildSettings = {
				BUNDLE_LOADER = "$(TEST_HOST)";
				FRAMEWORK_SEARCH_PATHS = (
					"$(SDKROOT)/Developer/Library/Frameworks",
					"$(inherited)",
				);
				INFOPLIST_FILE = POTUSTests/Info.plist;
				LD_RUNPATH_SEARCH_PATHS = "$(inherited) @executable_path/Frameworks @loader_path/Frameworks";
				PRODUCT_NAME = "$(TARGET_NAME)";
				TEST_HOST = "$(BUILT_PRODUCTS_DIR)/POTUS.app/POTUS";
			};
			name = Release;
		};
/* End XCBuildConfiguration section */

/* Begin XCConfigurationList section */
		6CCADF8C1A6F3AF200F6BEE3 /* Build configuration list for PBXProject "POTUS" */ = {
			isa = XCConfigurationList;
			buildConfigurations = (
				6CCADFAE1A6F3AF200F6BEE3 /* Debug */,
				6CCADFAF1A6F3AF200F6BEE3 /* Release */,
			);
			defaultConfigurationIsVisible = 0;
			defaultConfigurationName = Release;
		};
		6CCADFB01A6F3AF200F6BEE3 /* Build configuration list for PBXNativeTarget "POTUS" */ = {
			isa = XCConfigurationList;
			buildConfigurations = (
				6CCADFB11A6F3AF200F6BEE3 /* Debug */,
				6CCADFB21A6F3AF200F6BEE3 /* Release */,
			);
			defaultConfigurationIsVisible = 0;
			defaultConfigurationName = Release;
		};
		6CCADFB31A6F3AF200F6BEE3 /* Build configuration list for PBXNativeTarget "POTUSTests" */ = {
			isa = XCConfigurationList;
			buildConfigurations = (
				6CCADFB41A6F3AF200F6BEE3 /* Debug */,
				6CCADFB51A6F3AF200F6BEE3 /* Release */,
			);
			defaultConfigurationIsVisible = 0;
			defaultConfigurationName = Release;
		};
/* End XCConfigurationList section */
	};
	rootObject = 6CCADF891A6F3AF200F6BEE3 /* Project object */;
}
